// !$*UTF8*$!
{
	archiveVersion = 1;
	classes = {
	};
	objectVersion = 56;
	objects = {

/* Begin PBXBuildFile section */
		6F6FA8E42C61056C0034E332 /* AppDelegate.swift in Sources */ = {isa = PBXBuildFile; fileRef = 6F6FA8E32C61056C0034E332 /* AppDelegate.swift */; };
		6F6FA8E62C61056C0034E332 /* SceneDelegate.swift in Sources */ = {isa = PBXBuildFile; fileRef = 6F6FA8E52C61056C0034E332 /* SceneDelegate.swift */; };
		6F6FA8E82C61056C0034E332 /* ViewController.swift in Sources */ = {isa = PBXBuildFile; fileRef = 6F6FA8E72C61056C0034E332 /* ViewController.swift */; };
		6F6FA8EB2C61056C0034E332 /* Base in Resources */ = {isa = PBXBuildFile; fileRef = 6F6FA8EA2C61056C0034E332 /* Base */; };
		6F6FA8ED2C61056F0034E332 /* Assets.xcassets in Resources */ = {isa = PBXBuildFile; fileRef = 6F6FA8EC2C61056F0034E332 /* Assets.xcassets */; };
		6F6FA8F02C61056F0034E332 /* Base in Resources */ = {isa = PBXBuildFile; fileRef = 6F6FA8EF2C61056F0034E332 /* Base */; };
		6F6FA8FB2C61056F0034E332 /* Table_SearchTests.swift in Sources */ = {isa = PBXBuildFile; fileRef = 6F6FA8FA2C61056F0034E332 /* Table_SearchTests.swift */; };
		6F6FA9052C61056F0034E332 /* Table_SearchUITests.swift in Sources */ = {isa = PBXBuildFile; fileRef = 6F6FA9042C61056F0034E332 /* Table_SearchUITests.swift */; };
		6F6FA9072C61056F0034E332 /* Table_SearchUITestsLaunchTests.swift in Sources */ = {isa = PBXBuildFile; fileRef = 6F6FA9062C61056F0034E332 /* Table_SearchUITestsLaunchTests.swift */; };
/* End PBXBuildFile section */

/* Begin PBXContainerItemProxy section */
		6F6FA8F72C61056F0034E332 /* PBXContainerItemProxy */ = {
			isa = PBXContainerItemProxy;
			containerPortal = 6F6FA8D82C61056C0034E332 /* Project object */;
			proxyType = 1;
			remoteGlobalIDString = 6F6FA8DF2C61056C0034E332;
			remoteInfo = Table_Search;
		};
		6F6FA9012C61056F0034E332 /* PBXContainerItemProxy */ = {
			isa = PBXContainerItemProxy;
			containerPortal = 6F6FA8D82C61056C0034E332 /* Project object */;
			proxyType = 1;
			remoteGlobalIDString = 6F6FA8DF2C61056C0034E332;
			remoteInfo = Table_Search;
		};
/* End PBXContainerItemProxy section */

/* Begin PBXFileReference section */
		6F6FA8E02C61056C0034E332 /* Table_Search.app */ = {isa = PBXFileReference; explicitFileType = wrapper.application; includeInIndex = 0; path = Table_Search.app; sourceTree = BUILT_PRODUCTS_DIR; };
		6F6FA8E32C61056C0034E332 /* AppDelegate.swift */ = {isa = PBXFileReference; lastKnownFileType = sourcecode.swift; path = AppDelegate.swift; sourceTree = "<group>"; };
		6F6FA8E52C61056C0034E332 /* SceneDelegate.swift */ = {isa = PBXFileReference; lastKnownFileType = sourcecode.swift; path = SceneDelegate.swift; sourceTree = "<group>"; };
		6F6FA8E72C61056C0034E332 /* ViewController.swift */ = {isa = PBXFileReference; lastKnownFileType = sourcecode.swift; path = ViewController.swift; sourceTree = "<group>"; };
		6F6FA8EA2C61056C0034E332 /* Base */ = {isa = PBXFileReference; lastKnownFileType = file.storyboard; name = Base; path = Base.lproj/Main.storyboard; sourceTree = "<group>"; };
		6F6FA8EC2C61056F0034E332 /* Assets.xcassets */ = {isa = PBXFileReference; lastKnownFileType = folder.assetcatalog; path = Assets.xcassets; sourceTree = "<group>"; };
		6F6FA8EF2C61056F0034E332 /* Base */ = {isa = PBXFileReference; lastKnownFileType = file.storyboard; name = Base; path = Base.lproj/LaunchScreen.storyboard; sourceTree = "<group>"; };
		6F6FA8F12C61056F0034E332 /* Info.plist */ = {isa = PBXFileReference; lastKnownFileType = text.plist.xml; path = Info.plist; sourceTree = "<group>"; };
		6F6FA8F62C61056F0034E332 /* Table_SearchTests.xctest */ = {isa = PBXFileReference; explicitFileType = wrapper.cfbundle; includeInIndex = 0; path = Table_SearchTests.xctest; sourceTree = BUILT_PRODUCTS_DIR; };
		6F6FA8FA2C61056F0034E332 /* Table_SearchTests.swift */ = {isa = PBXFileReference; lastKnownFileType = sourcecode.swift; path = Table_SearchTests.swift; sourceTree = "<group>"; };
		6F6FA9002C61056F0034E332 /* Table_SearchUITests.xctest */ = {isa = PBXFileReference; explicitFileType = wrapper.cfbundle; includeInIndex = 0; path = Table_SearchUITests.xctest; sourceTree = BUILT_PRODUCTS_DIR; };
		6F6FA9042C61056F0034E332 /* Table_SearchUITests.swift */ = {isa = PBXFileReference; lastKnownFileType = sourcecode.swift; path = Table_SearchUITests.swift; sourceTree = "<group>"; };
		6F6FA9062C61056F0034E332 /* Table_SearchUITestsLaunchTests.swift */ = {isa = PBXFileReference; lastKnownFileType = sourcecode.swift; path = Table_SearchUITestsLaunchTests.swift; sourceTree = "<group>"; };
/* End PBXFileReference section */

/* Begin PBXFrameworksBuildPhase section */
		6F6FA8DD2C61056C0034E332 /* Frameworks */ = {
			isa = PBXFrameworksBuildPhase;
			buildActionMask = 2147483647;
			files = (
			);
			runOnlyForDeploymentPostprocessing = 0;
		};
		6F6FA8F32C61056F0034E332 /* Frameworks */ = {
			isa = PBXFrameworksBuildPhase;
			buildActionMask = 2147483647;
			files = (
			);
			runOnlyForDeploymentPostprocessing = 0;
		};
		6F6FA8FD2C61056F0034E332 /* Frameworks */ = {
			isa = PBXFrameworksBuildPhase;
			buildActionMask = 2147483647;
			files = (
			);
			runOnlyForDeploymentPostprocessing = 0;
		};
/* End PBXFrameworksBuildPhase section */

/* Begin PBXGroup section */
		6F6FA8D72C61056C0034E332 = {
			isa = PBXGroup;
			children = (
				6F6FA8E22C61056C0034E332 /* Table_Search */,
				6F6FA8F92C61056F0034E332 /* Table_SearchTests */,
				6F6FA9032C61056F0034E332 /* Table_SearchUITests */,
				6F6FA8E12C61056C0034E332 /* Products */,
			);
			sourceTree = "<group>";
		};
		6F6FA8E12C61056C0034E332 /* Products */ = {
			isa = PBXGroup;
			children = (
				6F6FA8E02C61056C0034E332 /* Table_Search.app */,
				6F6FA8F62C61056F0034E332 /* Table_SearchTests.xctest */,
				6F6FA9002C61056F0034E332 /* Table_SearchUITests.xctest */,
			);
			name = Products;
			sourceTree = "<group>";
		};
		6F6FA8E22C61056C0034E332 /* Table_Search */ = {
			isa = PBXGroup;
			children = (
				6F6FA8E32C61056C0034E332 /* AppDelegate.swift */,
				6F6FA8E52C61056C0034E332 /* SceneDelegate.swift */,
				6F6FA8E72C61056C0034E332 /* ViewController.swift */,
				6F6FA8E92C61056C0034E332 /* Main.storyboard */,
				6F6FA8EC2C61056F0034E332 /* Assets.xcassets */,
				6F6FA8EE2C61056F0034E332 /* LaunchScreen.storyboard */,
				6F6FA8F12C61056F0034E332 /* Info.plist */,
			);
			path = Table_Search;
			sourceTree = "<group>";
		};
		6F6FA8F92C61056F0034E332 /* Table_SearchTests */ = {
			isa = PBXGroup;
			children = (
				6F6FA8FA2C61056F0034E332 /* Table_SearchTests.swift */,
			);
			path = Table_SearchTests;
			sourceTree = "<group>";
		};
		6F6FA9032C61056F0034E332 /* Table_SearchUITests */ = {
			isa = PBXGroup;
			children = (
				6F6FA9042C61056F0034E332 /* Table_SearchUITests.swift */,
				6F6FA9062C61056F0034E332 /* Table_SearchUITestsLaunchTests.swift */,
			);
			path = Table_SearchUITests;
			sourceTree = "<group>";
		};
/* End PBXGroup section */

/* Begin PBXNativeTarget section */
		6F6FA8DF2C61056C0034E332 /* Table_Search */ = {
			isa = PBXNativeTarget;
			buildConfigurationList = 6F6FA90A2C61056F0034E332 /* Build configuration list for PBXNativeTarget "Table_Search" */;
			buildPhases = (
				6F6FA8DC2C61056C0034E332 /* Sources */,
				6F6FA8DD2C61056C0034E332 /* Frameworks */,
				6F6FA8DE2C61056C0034E332 /* Resources */,
			);
			buildRules = (
			);
			dependencies = (
			);
			name = Table_Search;
			productName = Table_Search;
			productReference = 6F6FA8E02C61056C0034E332 /* Table_Search.app */;
			productType = "com.apple.product-type.application";
		};
		6F6FA8F52C61056F0034E332 /* Table_SearchTests */ = {
			isa = PBXNativeTarget;
			buildConfigurationList = 6F6FA90D2C61056F0034E332 /* Build configuration list for PBXNativeTarget "Table_SearchTests" */;
			buildPhases = (
				6F6FA8F22C61056F0034E332 /* Sources */,
				6F6FA8F32C61056F0034E332 /* Frameworks */,
				6F6FA8F42C61056F0034E332 /* Resources */,
			);
			buildRules = (
			);
			dependencies = (
				6F6FA8F82C61056F0034E332 /* PBXTargetDependency */,
			);
			name = Table_SearchTests;
			productName = Table_SearchTests;
			productReference = 6F6FA8F62C61056F0034E332 /* Table_SearchTests.xctest */;
			productType = "com.apple.product-type.bundle.unit-test";
		};
		6F6FA8FF2C61056F0034E332 /* Table_SearchUITests */ = {
			isa = PBXNativeTarget;
			buildConfigurationList = 6F6FA9102C61056F0034E332 /* Build configuration list for PBXNativeTarget "Table_SearchUITests" */;
			buildPhases = (
				6F6FA8FC2C61056F0034E332 /* Sources */,
				6F6FA8FD2C61056F0034E332 /* Frameworks */,
				6F6FA8FE2C61056F0034E332 /* Resources */,
			);
			buildRules = (
			);
			dependencies = (
				6F6FA9022C61056F0034E332 /* PBXTargetDependency */,
			);
			name = Table_SearchUITests;
			productName = Table_SearchUITests;
			productReference = 6F6FA9002C61056F0034E332 /* Table_SearchUITests.xctest */;
			productType = "com.apple.product-type.bundle.ui-testing";
		};
/* End PBXNativeTarget section */

/* Begin PBXProject section */
		6F6FA8D82C61056C0034E332 /* Project object */ = {
			isa = PBXProject;
			attributes = {
				BuildIndependentTargetsInParallel = 1;
				LastSwiftUpdateCheck = 1530;
				LastUpgradeCheck = 1530;
				TargetAttributes = {
					6F6FA8DF2C61056C0034E332 = {
						CreatedOnToolsVersion = 15.3;
					};
					6F6FA8F52C61056F0034E332 = {
						CreatedOnToolsVersion = 15.3;
						TestTargetID = 6F6FA8DF2C61056C0034E332;
					};
					6F6FA8FF2C61056F0034E332 = {
						CreatedOnToolsVersion = 15.3;
						TestTargetID = 6F6FA8DF2C61056C0034E332;
					};
				};
			};
			buildConfigurationList = 6F6FA8DB2C61056C0034E332 /* Build configuration list for PBXProject "Table_Search" */;
			compatibilityVersion = "Xcode 14.0";
			developmentRegion = en;
			hasScannedForEncodings = 0;
			knownRegions = (
				en,
				Base,
			);
			mainGroup = 6F6FA8D72C61056C0034E332;
			productRefGroup = 6F6FA8E12C61056C0034E332 /* Products */;
			projectDirPath = "";
			projectRoot = "";
			targets = (
				6F6FA8DF2C61056C0034E332 /* Table_Search */,
				6F6FA8F52C61056F0034E332 /* Table_SearchTests */,
				6F6FA8FF2C61056F0034E332 /* Table_SearchUITests */,
			);
		};
/* End PBXProject section */

/* Begin PBXResourcesBuildPhase section */
		6F6FA8DE2C61056C0034E332 /* Resources */ = {
			isa = PBXResourcesBuildPhase;
			buildActionMask = 2147483647;
			files = (
				6F6FA8ED2C61056F0034E332 /* Assets.xcassets in Resources */,
				6F6FA8F02C61056F0034E332 /* Base in Resources */,
				6F6FA8EB2C61056C0034E332 /* Base in Resources */,
			);
			runOnlyForDeploymentPostprocessing = 0;
		};
		6F6FA8F42C61056F0034E332 /* Resources */ = {
			isa = PBXResourcesBuildPhase;
			buildActionMask = 2147483647;
			files = (
			);
			runOnlyForDeploymentPostprocessing = 0;
		};
		6F6FA8FE2C61056F0034E332 /* Resources */ = {
			isa = PBXResourcesBuildPhase;
			buildActionMask = 2147483647;
			files = (
			);
			runOnlyForDeploymentPostprocessing = 0;
		};
/* End PBXResourcesBuildPhase section */

/* Begin PBXSourcesBuildPhase section */
		6F6FA8DC2C61056C0034E332 /* Sources */ = {
			isa = PBXSourcesBuildPhase;
			buildActionMask = 2147483647;
			files = (
				6F6FA8E82C61056C0034E332 /* ViewController.swift in Sources */,
				6F6FA8E42C61056C0034E332 /* AppDelegate.swift in Sources */,
				6F6FA8E62C61056C0034E332 /* SceneDelegate.swift in Sources */,
			);
			runOnlyForDeploymentPostprocessing = 0;
		};
		6F6FA8F22C61056F0034E332 /* Sources */ = {
			isa = PBXSourcesBuildPhase;
			buildActionMask = 2147483647;
			files = (
				6F6FA8FB2C61056F0034E332 /* Table_SearchTests.swift in Sources */,
			);
			runOnlyForDeploymentPostprocessing = 0;
		};
		6F6FA8FC2C61056F0034E332 /* Sources */ = {
			isa = PBXSourcesBuildPhase;
			buildActionMask = 2147483647;
			files = (
				6F6FA9052C61056F0034E332 /* Table_SearchUITests.swift in Sources */,
				6F6FA9072C61056F0034E332 /* Table_SearchUITestsLaunchTests.swift in Sources */,
			);
			runOnlyForDeploymentPostprocessing = 0;
		};
/* End PBXSourcesBuildPhase section */

/* Begin PBXTargetDependency section */
		6F6FA8F82C61056F0034E332 /* PBXTargetDependency */ = {
			isa = PBXTargetDependency;
			target = 6F6FA8DF2C61056C0034E332 /* Table_Search */;
			targetProxy = 6F6FA8F72C61056F0034E332 /* PBXContainerItemProxy */;
		};
		6F6FA9022C61056F0034E332 /* PBXTargetDependency */ = {
			isa = PBXTargetDependency;
			target = 6F6FA8DF2C61056C0034E332 /* Table_Search */;
			targetProxy = 6F6FA9012C61056F0034E332 /* PBXContainerItemProxy */;
		};
/* End PBXTargetDependency section */

/* Begin PBXVariantGroup section */
		6F6FA8E92C61056C0034E332 /* Main.storyboard */ = {
			isa = PBXVariantGroup;
			children = (
				6F6FA8EA2C61056C0034E332 /* Base */,
			);
			name = Main.storyboard;
			sourceTree = "<group>";
		};
		6F6FA8EE2C61056F0034E332 /* LaunchScreen.storyboard */ = {
			isa = PBXVariantGroup;
			children = (
				6F6FA8EF2C61056F0034E332 /* Base */,
			);
			name = LaunchScreen.storyboard;
			sourceTree = "<group>";
		};
/* End PBXVariantGroup section */

/* Begin XCBuildConfiguration section */
		6F6FA9082C61056F0034E332 /* Debug */ = {
			isa = XCBuildConfiguration;
			buildSettings = {
				ALWAYS_SEARCH_USER_PATHS = NO;
				ASSETCATALOG_COMPILER_GENERATE_SWIFT_ASSET_SYMBOL_EXTENSIONS = YES;
				CLANG_ANALYZER_NONNULL = YES;
				CLANG_ANALYZER_NUMBER_OBJECT_CONVERSION = YES_AGGRESSIVE;
				CLANG_CXX_LANGUAGE_STANDARD = "gnu++20";
				CLANG_ENABLE_MODULES = YES;
				CLANG_ENABLE_OBJC_ARC = YES;
				CLANG_ENABLE_OBJC_WEAK = YES;
				CLANG_WARN_BLOCK_CAPTURE_AUTORELEASING = YES;
				CLANG_WARN_BOOL_CONVERSION = YES;
				CLANG_WARN_COMMA = YES;
				CLANG_WARN_CONSTANT_CONVERSION = YES;
				CLANG_WARN_DEPRECATED_OBJC_IMPLEMENTATIONS = YES;
				CLANG_WARN_DIRECT_OBJC_ISA_USAGE = YES_ERROR;
				CLANG_WARN_DOCUMENTATION_COMMENTS = YES;
				CLANG_WARN_EMPTY_BODY = YES;
				CLANG_WARN_ENUM_CONVERSION = YES;
				CLANG_WARN_INFINITE_RECURSION = YES;
				CLANG_WARN_INT_CONVERSION = YES;
				CLANG_WARN_NON_LITERAL_NULL_CONVERSION = YES;
				CLANG_WARN_OBJC_IMPLICIT_RETAIN_SELF = YES;
				CLANG_WARN_OBJC_LITERAL_CONVERSION = YES;
				CLANG_WARN_OBJC_ROOT_CLASS = YES_ERROR;
				CLANG_WARN_QUOTED_INCLUDE_IN_FRAMEWORK_HEADER = YES;
				CLANG_WARN_RANGE_LOOP_ANALYSIS = YES;
				CLANG_WARN_STRICT_PROTOTYPES = YES;
				CLANG_WARN_SUSPICIOUS_MOVE = YES;
				CLANG_WARN_UNGUARDED_AVAILABILITY = YES_AGGRESSIVE;
				CLANG_WARN_UNREACHABLE_CODE = YES;
				CLANG_WARN__DUPLICATE_METHOD_MATCH = YES;
				COPY_PHASE_STRIP = NO;
				DEBUG_INFORMATION_FORMAT = dwarf;
				ENABLE_STRICT_OBJC_MSGSEND = YES;
				ENABLE_TESTABILITY = YES;
				ENABLE_USER_SCRIPT_SANDBOXING = YES;
				GCC_C_LANGUAGE_STANDARD = gnu17;
				GCC_DYNAMIC_NO_PIC = NO;
				GCC_NO_COMMON_BLOCKS = YES;
				GCC_OPTIMIZATION_LEVEL = 0;
				GCC_PREPROCESSOR_DEFINITIONS = (
					"DEBUG=1",
					"$(inherited)",
				);
				GCC_WARN_64_TO_32_BIT_CONVERSION = YES;
				GCC_WARN_ABOUT_RETURN_TYPE = YES_ERROR;
				GCC_WARN_UNDECLARED_SELECTOR = YES;
				GCC_WARN_UNINITIALIZED_AUTOS = YES_AGGRESSIVE;
				GCC_WARN_UNUSED_FUNCTION = YES;
				GCC_WARN_UNUSED_VARIABLE = YES;
				IPHONEOS_DEPLOYMENT_TARGET = 17.4;
				LOCALIZATION_PREFERS_STRING_CATALOGS = YES;
				MTL_ENABLE_DEBUG_INFO = INCLUDE_SOURCE;
				MTL_FAST_MATH = YES;
				ONLY_ACTIVE_ARCH = YES;
				SDKROOT = iphoneos;
				SWIFT_ACTIVE_COMPILATION_CONDITIONS = "DEBUG $(inherited)";
				SWIFT_OPTIMIZATION_LEVEL = "-Onone";
			};
			name = Debug;
		};
		6F6FA9092C61056F0034E332 /* Release */ = {
			isa = XCBuildConfiguration;
			buildSettings = {
				ALWAYS_SEARCH_USER_PATHS = NO;
				ASSETCATALOG_COMPILER_GENERATE_SWIFT_ASSET_SYMBOL_EXTENSIONS = YES;
				CLANG_ANALYZER_NONNULL = YES;
				CLANG_ANALYZER_NUMBER_OBJECT_CONVERSION = YES_AGGRESSIVE;
				CLANG_CXX_LANGUAGE_STANDARD = "gnu++20";
				CLANG_ENABLE_MODULES = YES;
				CLANG_ENABLE_OBJC_ARC = YES;
				CLANG_ENABLE_OBJC_WEAK = YES;
				CLANG_WARN_BLOCK_CAPTURE_AUTORELEASING = YES;
				CLANG_WARN_BOOL_CONVERSION = YES;
				CLANG_WARN_COMMA = YES;
				CLANG_WARN_CONSTANT_CONVERSION = YES;
				CLANG_WARN_DEPRECATED_OBJC_IMPLEMENTATIONS = YES;
				CLANG_WARN_DIRECT_OBJC_ISA_USAGE = YES_ERROR;
				CLANG_WARN_DOCUMENTATION_COMMENTS = YES;
				CLANG_WARN_EMPTY_BODY = YES;
				CLANG_WARN_ENUM_CONVERSION = YES;
				CLANG_WARN_INFINITE_RECURSION = YES;
				CLANG_WARN_INT_CONVERSION = YES;
				CLANG_WARN_NON_LITERAL_NULL_CONVERSION = YES;
				CLANG_WARN_OBJC_IMPLICIT_RETAIN_SELF = YES;
				CLANG_WARN_OBJC_LITERAL_CONVERSION = YES;
				CLANG_WARN_OBJC_ROOT_CLASS = YES_ERROR;
				CLANG_WARN_QUOTED_INCLUDE_IN_FRAMEWORK_HEADER = YES;
				CLANG_WARN_RANGE_LOOP_ANALYSIS = YES;
				CLANG_WARN_STRICT_PROTOTYPES = YES;
				CLANG_WARN_SUSPICIOUS_MOVE = YES;
				CLANG_WARN_UNGUARDED_AVAILABILITY = YES_AGGRESSIVE;
				CLANG_WARN_UNREACHABLE_CODE = YES;
				CLANG_WARN__DUPLICATE_METHOD_MATCH = YES;
				COPY_PHASE_STRIP = NO;
				DEBUG_INFORMATION_FORMAT = "dwarf-with-dsym";
				ENABLE_NS_ASSERTIONS = NO;
				ENABLE_STRICT_OBJC_MSGSEND = YES;
				ENABLE_USER_SCRIPT_SANDBOXING = YES;
				GCC_C_LANGUAGE_STANDARD = gnu17;
				GCC_NO_COMMON_BLOCKS = YES;
				GCC_WARN_64_TO_32_BIT_CONVERSION = YES;
				GCC_WARN_ABOUT_RETURN_TYPE = YES_ERROR;
				GCC_WARN_UNDECLARED_SELECTOR = YES;
				GCC_WARN_UNINITIALIZED_AUTOS = YES_AGGRESSIVE;
				GCC_WARN_UNUSED_FUNCTION = YES;
				GCC_WARN_UNUSED_VARIABLE = YES;
				IPHONEOS_DEPLOYMENT_TARGET = 17.4;
				LOCALIZATION_PREFERS_STRING_CATALOGS = YES;
				MTL_ENABLE_DEBUG_INFO = NO;
				MTL_FAST_MATH = YES;
				SDKROOT = iphoneos;
				SWIFT_COMPILATION_MODE = wholemodule;
				VALIDATE_PRODUCT = YES;
			};
			name = Release;
		};
		6F6FA90B2C61056F0034E332 /* Debug */ = {
			isa = XCBuildConfiguration;
			buildSettings = {
				ASSETCATALOG_COMPILER_APPICON_NAME = AppIcon;
				ASSETCATALOG_COMPILER_GLOBAL_ACCENT_COLOR_NAME = AccentColor;
				CODE_SIGN_STYLE = Automatic;
				CURRENT_PROJECT_VERSION = 1;
				GENERATE_INFOPLIST_FILE = YES;
				INFOPLIST_FILE = Table_Search/Info.plist;
				INFOPLIST_KEY_UIApplicationSupportsIndirectInputEvents = YES;
				INFOPLIST_KEY_UILaunchStoryboardName = LaunchScreen;
				INFOPLIST_KEY_UIMainStoryboardFile = Main;
				INFOPLIST_KEY_UISupportedInterfaceOrientations_iPad = "UIInterfaceOrientationPortrait UIInterfaceOrientationPortraitUpsideDown UIInterfaceOrientationLandscapeLeft UIInterfaceOrientationLandscapeRight";
				INFOPLIST_KEY_UISupportedInterfaceOrientations_iPhone = "UIInterfaceOrientationPortrait UIInterfaceOrientationLandscapeLeft UIInterfaceOrientationLandscapeRight";
				LD_RUNPATH_SEARCH_PATHS = (
					"$(inherited)",
					"@executable_path/Frameworks",
				);
				MARKETING_VERSION = 1.0;
				PRODUCT_BUNDLE_IDENTIFIER = "e2.Table-Search";
				PRODUCT_NAME = "$(TARGET_NAME)";
				SWIFT_EMIT_LOC_STRINGS = YES;
				SWIFT_VERSION = 5.0;
				TARGETED_DEVICE_FAMILY = "1,2";
			};
			name = Debug;
		};
		6F6FA90C2C61056F0034E332 /* Release */ = {
			isa = XCBuildConfiguration;
			buildSettings = {
				ASSETCATALOG_COMPILER_APPICON_NAME = AppIcon;
				ASSETCATALOG_COMPILER_GLOBAL_ACCENT_COLOR_NAME = AccentColor;
				CODE_SIGN_STYLE = Automatic;
				CURRENT_PROJECT_VERSION = 1;
				GENERATE_INFOPLIST_FILE = YES;
				INFOPLIST_FILE = Table_Search/Info.plist;
				INFOPLIST_KEY_UIApplicationSupportsIndirectInputEvents = YES;
				INFOPLIST_KEY_UILaunchStoryboardName = LaunchScreen;
				INFOPLIST_KEY_UIMainStoryboardFile = Main;
				INFOPLIST_KEY_UISupportedInterfaceOrientations_iPad = "UIInterfaceOrientationPortrait UIInterfaceOrientationPortraitUpsideDown UIInterfaceOrientationLandscapeLeft UIInterfaceOrientationLandscapeRight";
				INFOPLIST_KEY_UISupportedInterfaceOrientations_iPhone = "UIInterfaceOrientationPortrait UIInterfaceOrientationLandscapeLeft UIInterfaceOrientationLandscapeRight";
				LD_RUNPATH_SEARCH_PATHS = (
					"$(inherited)",
					"@executable_path/Frameworks",
				);
				MARKETING_VERSION = 1.0;
				PRODUCT_BUNDLE_IDENTIFIER = "e2.Table-Search";
				PRODUCT_NAME = "$(TARGET_NAME)";
				SWIFT_EMIT_LOC_STRINGS = YES;
				SWIFT_VERSION = 5.0;
				TARGETED_DEVICE_FAMILY = "1,2";
			};
			name = Release;
		};
		6F6FA90E2C61056F0034E332 /* Debug */ = {
			isa = XCBuildConfiguration;
			buildSettings = {
				ALWAYS_EMBED_SWIFT_STANDARD_LIBRARIES = YES;
				BUNDLE_LOADER = "$(TEST_HOST)";
				CODE_SIGN_STYLE = Automatic;
				CURRENT_PROJECT_VERSION = 1;
				GENERATE_INFOPLIST_FILE = YES;
				IPHONEOS_DEPLOYMENT_TARGET = 17.4;
				MARKETING_VERSION = 1.0;
				PRODUCT_BUNDLE_IDENTIFIER = "e2.Table-SearchTests";
				PRODUCT_NAME = "$(TARGET_NAME)";
				SWIFT_EMIT_LOC_STRINGS = NO;
				SWIFT_VERSION = 5.0;
				TARGETED_DEVICE_FAMILY = "1,2";
				TEST_HOST = "$(BUILT_PRODUCTS_DIR)/Table_Search.app/$(BUNDLE_EXECUTABLE_FOLDER_PATH)/Table_Search";
			};
			name = Debug;
		};
		6F6FA90F2C61056F0034E332 /* Release */ = {
			isa = XCBuildConfiguration;
			buildSettings = {
				ALWAYS_EMBED_SWIFT_STANDARD_LIBRARIES = YES;
				BUNDLE_LOADER = "$(TEST_HOST)";
				CODE_SIGN_STYLE = Automatic;
				CURRENT_PROJECT_VERSION = 1;
				GENERATE_INFOPLIST_FILE = YES;
				IPHONEOS_DEPLOYMENT_TARGET = 17.4;
				MARKETING_VERSION = 1.0;
				PRODUCT_BUNDLE_IDENTIFIER = "e2.Table-SearchTests";
				PRODUCT_NAME = "$(TARGET_NAME)";
				SWIFT_EMIT_LOC_STRINGS = NO;
				SWIFT_VERSION = 5.0;
				TARGETED_DEVICE_FAMILY = "1,2";
				TEST_HOST = "$(BUILT_PRODUCTS_DIR)/Table_Search.app/$(BUNDLE_EXECUTABLE_FOLDER_PATH)/Table_Search";
			};
			name = Release;
		};
		6F6FA9112C61056F0034E332 /* Debug */ = {
			isa = XCBuildConfiguration;
			buildSettings = {
				ALWAYS_EMBED_SWIFT_STANDARD_LIBRARIES = YES;
				CODE_SIGN_STYLE = Automatic;
				CURRENT_PROJECT_VERSION = 1;
				GENERATE_INFOPLIST_FILE = YES;
				MARKETING_VERSION = 1.0;
				PRODUCT_BUNDLE_IDENTIFIER = "e2.Table-SearchUITests";
				PRODUCT_NAME = "$(TARGET_NAME)";
				SWIFT_EMIT_LOC_STRINGS = NO;
				SWIFT_VERSION = 5.0;
				TARGETED_DEVICE_FAMILY = "1,2";
				TEST_TARGET_NAME = Table_Search;
			};
			name = Debug;
		};
		6F6FA9122C61056F0034E332 /* Release */ = {
			isa = XCBuildConfiguration;
			buildSettings = {
				ALWAYS_EMBED_SWIFT_STANDARD_LIBRARIES = YES;
				CODE_SIGN_STYLE = Automatic;
				CURRENT_PROJECT_VERSION = 1;
				GENERATE_INFOPLIST_FILE = YES;
				MARKETING_VERSION = 1.0;
				PRODUCT_BUNDLE_IDENTIFIER = "e2.Table-SearchUITests";
				PRODUCT_NAME = "$(TARGET_NAME)";
				SWIFT_EMIT_LOC_STRINGS = NO;
				SWIFT_VERSION = 5.0;
				TARGETED_DEVICE_FAMILY = "1,2";
				TEST_TARGET_NAME = Table_Search;
			};
			name = Release;
		};
/* End XCBuildConfiguration section */

/* Begin XCConfigurationList section */
		6F6FA8DB2C61056C0034E332 /* Build configuration list for PBXProject "Table_Search" */ = {
			isa = XCConfigurationList;
			buildConfigurations = (
				6F6FA9082C61056F0034E332 /* Debug */,
				6F6FA9092C61056F0034E332 /* Release */,
			);
			defaultConfigurationIsVisible = 0;
			defaultConfigurationName = Release;
		};
		6F6FA90A2C61056F0034E332 /* Build configuration list for PBXNativeTarget "Table_Search" */ = {
			isa = XCConfigurationList;
			buildConfigurations = (
				6F6FA90B2C61056F0034E332 /* Debug */,
				6F6FA90C2C61056F0034E332 /* Release */,
			);
			defaultConfigurationIsVisible = 0;
			defaultConfigurationName = Release;
		};
		6F6FA90D2C61056F0034E332 /* Build configuration list for PBXNativeTarget "Table_SearchTests" */ = {
			isa = XCConfigurationList;
			buildConfigurations = (
				6F6FA90E2C61056F0034E332 /* Debug */,
				6F6FA90F2C61056F0034E332 /* Release */,
			);
			defaultConfigurationIsVisible = 0;
			defaultConfigurationName = Release;
		};
		6F6FA9102C61056F0034E332 /* Build configuration list for PBXNativeTarget "Table_SearchUITests" */ = {
			isa = XCConfigurationList;
			buildConfigurations = (
				6F6FA9112C61056F0034E332 /* Debug */,
				6F6FA9122C61056F0034E332 /* Release */,
			);
			defaultConfigurationIsVisible = 0;
			defaultConfigurationName = Release;
		};
/* End XCConfigurationList section */
	};
	rootObject = 6F6FA8D82C61056C0034E332 /* Project object */;
}
